
Microsoft Visual Studio Solution File, Format Version 12.00
# Visual Studio 15
VisualStudioVersion = 15.0.26730.16
MinimumVisualStudioVersion = 10.0.40219.1
Project("{FAE04EC0-301F-11D3-BF4B-00C04F79EFBC}") = "Weather.Classes", "Weather.Classes\Weather.Classes.csproj", "{F5CC4C21-560C-4D67-941C-F1A6737E7456}"
EndProject
Project("{2150E333-8FDC-42A3-9474-1A3956D46DE8}") = "Solution Items", "Solution Items", "{75CBD2DD-6283-44E6-A695-08A55D0920AE}"
EndProject
Project("{FAE04EC0-301F-11D3-BF4B-00C04F79EFBC}") = "Weather.UI", "Weather.UI\Weather.UI.csproj", "{5E416288-2F9F-46F7-949D-A67A3CFE7BEF}"
EndProject
Global
	GlobalSection(SolutionConfigurationPlatforms) = preSolution
		Debug|Any CPU = Debug|Any CPU
		Release|Any CPU = Release|Any CPU
	EndGlobalSection
	GlobalSection(ProjectConfigurationPlatforms) = postSolution
		{F5CC4C21-560C-4D67-941C-F1A6737E7456}.Debug|Any CPU.ActiveCfg = Debug|Any CPU
		{F5CC4C21-560C-4D67-941C-F1A6737E7456}.Debug|Any CPU.Build.0 = Debug|Any CPU
		{F5CC4C21-560C-4D67-941C-F1A6737E7456}.Release|Any CPU.ActiveCfg = Release|Any CPU
		{F5CC4C21-560C-4D67-941C-F1A6737E7456}.Release|Any CPU.Build.0 = Release|Any CPU
		{5E416288-2F9F-46F7-949D-A67A3CFE7BEF}.Debug|Any CPU.ActiveCfg = Debug|Any CPU
		{5E416288-2F9F-46F7-949D-A67A3CFE7BEF}.Debug|Any CPU.Build.0 = Debug|Any CPU
		{5E416288-2F9F-46F7-949D-A67A3CFE7BEF}.Release|Any CPU.ActiveCfg = Release|Any CPU
		{5E416288-2F9F-46F7-949D-A67A3CFE7BEF}.Release|Any CPU.Build.0 = Release|Any CPU
	EndGlobalSection
	GlobalSection(SolutionProperties) = preSolution
		HideSolutionNode = FALSE
	EndGlobalSection
	GlobalSection(ExtensibilityGlobals) = postSolution
		SolutionGuid = {57518325-9A46-4F67-8D2A-A68DC25D03E9}
	EndGlobalSection
EndGlobal
